
Microsoft Visual Studio Solution File, Format Version 12.00
# Visual Studio 15
VisualStudioVersion = 15.0.27130.2024
MinimumVisualStudioVersion = 10.0.40219.1
Project("{FAE04EC0-301F-11D3-BF4B-00C04F79EFBC}") = "MarriageAgencyStatistics.Common", "MarriageAgencyStatistics.Common\MarriageAgencyStatistics.Common.csproj", "{22D4C931-C65A-4443-B247-75D0AB742DD4}"
EndProject
Project("{FAE04EC0-301F-11D3-BF4B-00C04F79EFBC}") = "MarriageAgencyStatistics.Core", "MarriageAgencyStatistics.Core\MarriageAgencyStatistics.Core.csproj", "{9427C813-7CFE-4238-B2E2-B1EDE45F0DD3}"
EndProject
Project("{FAE04EC0-301F-11D3-BF4B-00C04F79EFBC}") = "MarriageAgencyStatistics.Core.Clients", "MarriageAgencyStatistics.Core.Clients\MarriageAgencyStatistics.Core.Clients.csproj", "{0050631E-274F-4268-B953-0F20FF95D2BA}"
EndProject
Project("{FAE04EC0-301F-11D3-BF4B-00C04F79EFBC}") = "MarriageAgencyStatistics.Core.DataProviders", "MarriageAgencyStatistics.Core.DataProviders\MarriageAgencyStatistics.Core.DataProviders.csproj", "{11C69DFD-1775-4A70-912B-A0D672884A39}"
EndProject
Project("{FAE04EC0-301F-11D3-BF4B-00C04F79EFBC}") = "MarriageAgencyStatistics.Formatters", "MarriageAgencyStatistics.Formatters\MarriageAgencyStatistics.Formatters.csproj", "{C8C81B30-C478-4729-9ED6-44A89BDC444C}"
EndProject
Project("{FAE04EC0-301F-11D3-BF4B-00C04F79EFBC}") = "MarriageAgencyStatistics.DataAccess", "MarriageAgencyStatistics.DataAccess\MarriageAgencyStatistics.DataAccess.csproj", "{D31A9919-0B6F-43DA-A15C-EE45F2BE0C82}"
EndProject
Project("{FAE04EC0-301F-11D3-BF4B-00C04F79EFBC}") = "MarriageAgencyStatistics.DataAccess.EF", "MarriageAgencyStatistics.DataAccess.EF\MarriageAgencyStatistics.DataAccess.EF.csproj", "{8B0FBEA4-1779-46BB-8027-D11B54AF9EA9}"
EndProject
Project("{FAE04EC0-301F-11D3-BF4B-00C04F79EFBC}") = "MarriageAgencyStatistics.WebAPI", "MarriageAgencyStatistics.WebAPI\MarriageAgencyStatistics.WebAPI.csproj", "{E619226A-E09F-4CF6-A674-66579DD8FE19}"
EndProject
Project("{FAE04EC0-301F-11D3-BF4B-00C04F79EFBC}") = "MarriageAgencyStatistics.ConsoleUI", "MarriageAgencyStatistics.ConsoleUI\MarriageAgencyStatistics.ConsoleUI.csproj", "{7128CAA3-0BA5-4F88-96F5-15B3BE494D79}"
EndProject
Project("{FAE04EC0-301F-11D3-BF4B-00C04F79EFBC}") = "MarriageAgencyStatistics.Scheduler.Web", "MarriageAgencyStatistics.Scheduler.Web\MarriageAgencyStatistics.Scheduler.Web.csproj", "{1F48D2F6-098B-4E48-A18C-CB3DF5B66ECE}"
EndProject
Project("{FAE04EC0-301F-11D3-BF4B-00C04F79EFBC}") = "MarriageAgencyStatistics.Core.Services", "MarriageAgencyStatistics.Core.Services\MarriageAgencyStatistics.Core.Services.csproj", "{466B8580-9F44-428F-B807-41C7549E7A75}"
EndProject
Project("{FAE04EC0-301F-11D3-BF4B-00C04F79EFBC}") = "MarriageAgencyStatistics.DesktopClient", "MarriageAgencyStatistics.DesktopClient\MarriageAgencyStatistics.DesktopClient.csproj", "{90681886-6979-4AA2-B3E2-3E4B0489339E}"
EndProject
Global
	GlobalSection(SolutionConfigurationPlatforms) = preSolution
		Debug|Any CPU = Debug|Any CPU
		Release|Any CPU = Release|Any CPU
	EndGlobalSection
	GlobalSection(ProjectConfigurationPlatforms) = postSolution
		{22D4C931-C65A-4443-B247-75D0AB742DD4}.Debug|Any CPU.ActiveCfg = Debug|Any CPU
		{22D4C931-C65A-4443-B247-75D0AB742DD4}.Debug|Any CPU.Build.0 = Debug|Any CPU
		{22D4C931-C65A-4443-B247-75D0AB742DD4}.Release|Any CPU.ActiveCfg = Release|Any CPU
		{22D4C931-C65A-4443-B247-75D0AB742DD4}.Release|Any CPU.Build.0 = Release|Any CPU
		{9427C813-7CFE-4238-B2E2-B1EDE45F0DD3}.Debug|Any CPU.ActiveCfg = Debug|Any CPU
		{9427C813-7CFE-4238-B2E2-B1EDE45F0DD3}.Debug|Any CPU.Build.0 = Debug|Any CPU
		{9427C813-7CFE-4238-B2E2-B1EDE45F0DD3}.Release|Any CPU.ActiveCfg = Release|Any CPU
		{9427C813-7CFE-4238-B2E2-B1EDE45F0DD3}.Release|Any CPU.Build.0 = Release|Any CPU
		{0050631E-274F-4268-B953-0F20FF95D2BA}.Debug|Any CPU.ActiveCfg = Debug|Any CPU
		{0050631E-274F-4268-B953-0F20FF95D2BA}.Debug|Any CPU.Build.0 = Debug|Any CPU
		{0050631E-274F-4268-B953-0F20FF95D2BA}.Release|Any CPU.ActiveCfg = Release|Any CPU
		{0050631E-274F-4268-B953-0F20FF95D2BA}.Release|Any CPU.Build.0 = Release|Any CPU
		{11C69DFD-1775-4A70-912B-A0D672884A39}.Debug|Any CPU.ActiveCfg = Debug|Any CPU
		{11C69DFD-1775-4A70-912B-A0D672884A39}.Debug|Any CPU.Build.0 = Debug|Any CPU
		{11C69DFD-1775-4A70-912B-A0D672884A39}.Release|Any CPU.ActiveCfg = Release|Any CPU
		{11C69DFD-1775-4A70-912B-A0D672884A39}.Release|Any CPU.Build.0 = Release|Any CPU
		{C8C81B30-C478-4729-9ED6-44A89BDC444C}.Debug|Any CPU.ActiveCfg = Debug|Any CPU
		{C8C81B30-C478-4729-9ED6-44A89BDC444C}.Debug|Any CPU.Build.0 = Debug|Any CPU
		{C8C81B30-C478-4729-9ED6-44A89BDC444C}.Release|Any CPU.ActiveCfg = Release|Any CPU
		{C8C81B30-C478-4729-9ED6-44A89BDC444C}.Release|Any CPU.Build.0 = Release|Any CPU
		{D31A9919-0B6F-43DA-A15C-EE45F2BE0C82}.Debug|Any CPU.ActiveCfg = Debug|Any CPU
		{D31A9919-0B6F-43DA-A15C-EE45F2BE0C82}.Debug|Any CPU.Build.0 = Debug|Any CPU
		{D31A9919-0B6F-43DA-A15C-EE45F2BE0C82}.Release|Any CPU.ActiveCfg = Release|Any CPU
		{D31A9919-0B6F-43DA-A15C-EE45F2BE0C82}.Release|Any CPU.Build.0 = Release|Any CPU
		{8B0FBEA4-1779-46BB-8027-D11B54AF9EA9}.Debug|Any CPU.ActiveCfg = Debug|Any CPU
		{8B0FBEA4-1779-46BB-8027-D11B54AF9EA9}.Debug|Any CPU.Build.0 = Debug|Any CPU
		{8B0FBEA4-1779-46BB-8027-D11B54AF9EA9}.Release|Any CPU.ActiveCfg = Release|Any CPU
		{8B0FBEA4-1779-46BB-8027-D11B54AF9EA9}.Release|Any CPU.Build.0 = Release|Any CPU
		{E619226A-E09F-4CF6-A674-66579DD8FE19}.Debug|Any CPU.ActiveCfg = Debug|Any CPU
		{E619226A-E09F-4CF6-A674-66579DD8FE19}.Debug|Any CPU.Build.0 = Debug|Any CPU
		{E619226A-E09F-4CF6-A674-66579DD8FE19}.Release|Any CPU.ActiveCfg = Release|Any CPU
		{E619226A-E09F-4CF6-A674-66579DD8FE19}.Release|Any CPU.Build.0 = Release|Any CPU
		{7128CAA3-0BA5-4F88-96F5-15B3BE494D79}.Debug|Any CPU.ActiveCfg = Debug|Any CPU
		{7128CAA3-0BA5-4F88-96F5-15B3BE494D79}.Debug|Any CPU.Build.0 = Debug|Any CPU
		{7128CAA3-0BA5-4F88-96F5-15B3BE494D79}.Release|Any CPU.ActiveCfg = Release|Any CPU
		{7128CAA3-0BA5-4F88-96F5-15B3BE494D79}.Release|Any CPU.Build.0 = Release|Any CPU
		{1F48D2F6-098B-4E48-A18C-CB3DF5B66ECE}.Debug|Any CPU.ActiveCfg = Debug|Any CPU
		{1F48D2F6-098B-4E48-A18C-CB3DF5B66ECE}.Debug|Any CPU.Build.0 = Debug|Any CPU
		{1F48D2F6-098B-4E48-A18C-CB3DF5B66ECE}.Release|Any CPU.ActiveCfg = Release|Any CPU
		{1F48D2F6-098B-4E48-A18C-CB3DF5B66ECE}.Release|Any CPU.Build.0 = Release|Any CPU
		{466B8580-9F44-428F-B807-41C7549E7A75}.Debug|Any CPU.ActiveCfg = Debug|Any CPU
		{466B8580-9F44-428F-B807-41C7549E7A75}.Debug|Any CPU.Build.0 = Debug|Any CPU
		{466B8580-9F44-428F-B807-41C7549E7A75}.Release|Any CPU.ActiveCfg = Release|Any CPU
		{466B8580-9F44-428F-B807-41C7549E7A75}.Release|Any CPU.Build.0 = Release|Any CPU
		{90681886-6979-4AA2-B3E2-3E4B0489339E}.Debug|Any CPU.ActiveCfg = Debug|Any CPU
		{90681886-6979-4AA2-B3E2-3E4B0489339E}.Debug|Any CPU.Build.0 = Debug|Any CPU
		{90681886-6979-4AA2-B3E2-3E4B0489339E}.Release|Any CPU.ActiveCfg = Release|Any CPU
		{90681886-6979-4AA2-B3E2-3E4B0489339E}.Release|Any CPU.Build.0 = Release|Any CPU
	EndGlobalSection
	GlobalSection(SolutionProperties) = preSolution
		HideSolutionNode = FALSE
	EndGlobalSection
	GlobalSection(ExtensibilityGlobals) = postSolution
		SolutionGuid = {19B14784-AB48-4ED2-9C29-D0DFBA5F141C}
	EndGlobalSection
EndGlobal
